// !$*UTF8*$!
{
	archiveVersion = 1;
	classes = {
	};
	objectVersion = 46;
	objects = {

/* Begin PBXBuildFile section */
		EC8333C715505B6300832D83 /* UIKit.framework in Frameworks */ = {isa = PBXBuildFile; fileRef = EC8333C615505B6300832D83 /* UIKit.framework */; };
		EC8333C915505B6300832D83 /* Foundation.framework in Frameworks */ = {isa = PBXBuildFile; fileRef = EC8333C815505B6300832D83 /* Foundation.framework */; };
		EC8333CB15505B6300832D83 /* CoreGraphics.framework in Frameworks */ = {isa = PBXBuildFile; fileRef = EC8333CA15505B6300832D83 /* CoreGraphics.framework */; };
		EC8333D115505B6300832D83 /* InfoPlist.strings in Resources */ = {isa = PBXBuildFile; fileRef = EC8333CF15505B6300832D83 /* InfoPlist.strings */; };
		EC8333D315505B6300832D83 /* main.m in Sources */ = {isa = PBXBuildFile; fileRef = EC8333D215505B6300832D83 /* main.m */; };
		EC8333D715505B6300832D83 /* AppDelegate.m in Sources */ = {isa = PBXBuildFile; fileRef = EC8333D615505B6300832D83 /* AppDelegate.m */; };
		EC8333DA15505B6300832D83 /* MainStoryboard.storyboard in Resources */ = {isa = PBXBuildFile; fileRef = EC8333D815505B6300832D83 /* MainStoryboard.storyboard */; };
		EC8333DD15505B6300832D83 /* ViewController.m in Sources */ = {isa = PBXBuildFile; fileRef = EC8333DC15505B6300832D83 /* ViewController.m */; };
		EC8333E815505C6F00832D83 /* MapKit.framework in Frameworks */ = {isa = PBXBuildFile; fileRef = EC8333E715505C6F00832D83 /* MapKit.framework */; };
/* End PBXBuildFile section */

/* Begin PBXFileReference section */
		EC8333C215505B6300832D83 /* Map View.app */ = {isa = PBXFileReference; explicitFileType = wrapper.application; includeInIndex = 0; path = "Map View.app"; sourceTree = BUILT_PRODUCTS_DIR; };
		EC8333C615505B6300832D83 /* UIKit.framework */ = {isa = PBXFileReference; lastKnownFileType = wrapper.framework; name = UIKit.framework; path = System/Library/Frameworks/UIKit.framework; sourceTree = SDKROOT; };
		EC8333C815505B6300832D83 /* Foundation.framework */ = {isa = PBXFileReference; lastKnownFileType = wrapper.framework; name = Foundation.framework; path = System/Library/Frameworks/Foundation.framework; sourceTree = SDKROOT; };
		EC8333CA15505B6300832D83 /* CoreGraphics.framework */ = {isa = PBXFileReference; lastKnownFileType = wrapper.framework; name = CoreGraphics.framework; path = System/Library/Frameworks/CoreGraphics.framework; sourceTree = SDKROOT; };
		EC8333CE15505B6300832D83 /* Map View-Info.plist */ = {isa = PBXFileReference; lastKnownFileType = text.plist.xml; path = "Map View-Info.plist"; sourceTree = "<group>"; };
		EC8333D015505B6300832D83 /* en */ = {isa = PBXFileReference; lastKnownFileType = text.plist.strings; name = en; path = en.lproj/InfoPlist.strings; sourceTree = "<group>"; };
		EC8333D215505B6300832D83 /* main.m */ = {isa = PBXFileReference; lastKnownFileType = sourcecode.c.objc; path = main.m; sourceTree = "<group>"; };
		EC8333D415505B6300832D83 /* Map View-Prefix.pch */ = {isa = PBXFileReference; lastKnownFileType = sourcecode.c.h; path = "Map View-Prefix.pch"; sourceTree = "<group>"; };
		EC8333D515505B6300832D83 /* AppDelegate.h */ = {isa = PBXFileReference; lastKnownFileType = sourcecode.c.h; path = AppDelegate.h; sourceTree = "<group>"; };
		EC8333D615505B6300832D83 /* AppDelegate.m */ = {isa = PBXFileReference; lastKnownFileType = sourcecode.c.objc; path = AppDelegate.m; sourceTree = "<group>"; };
		EC8333D915505B6300832D83 /* en */ = {isa = PBXFileReference; lastKnownFileType = file.storyboard; name = en; path = en.lproj/MainStoryboard.storyboard; sourceTree = "<group>"; };
		EC8333DB15505B6300832D83 /* ViewController.h */ = {isa = PBXFileReference; lastKnownFileType = sourcecode.c.h; path = ViewController.h; sourceTree = "<group>"; };
		EC8333DC15505B6300832D83 /* ViewController.m */ = {isa = PBXFileReference; lastKnownFileType = sourcecode.c.objc; path = ViewController.m; sourceTree = "<group>"; };
		EC8333E715505C6F00832D83 /* MapKit.framework */ = {isa = PBXFileReference; lastKnownFileType = wrapper.framework; name = MapKit.framework; path = System/Library/Frameworks/MapKit.framework; sourceTree = SDKROOT; };
/* End PBXFileReference section */

/* Begin PBXFrameworksBuildPhase section */
		EC8333BF15505B6300832D83 /* Frameworks */ = {
			isa = PBXFrameworksBuildPhase;
			buildActionMask = 2147483647;
			files = (
				EC8333E815505C6F00832D83 /* MapKit.framework in Frameworks */,
				EC8333C715505B6300832D83 /* UIKit.framework in Frameworks */,
				EC8333C915505B6300832D83 /* Foundation.framework in Frameworks */,
				EC8333CB15505B6300832D83 /* CoreGraphics.framework in Frameworks */,
			);
			runOnlyForDeploymentPostprocessing = 0;
		};
/* End PBXFrameworksBuildPhase section */

/* Begin PBXGroup section */
		EC8333B715505B6200832D83 = {
			isa = PBXGroup;
			children = (
				EC8333CC15505B6300832D83 /* Map View */,
				EC8333C515505B6300832D83 /* Frameworks */,
				EC8333C315505B6300832D83 /* Products */,
			);
			sourceTree = "<group>";
		};
		EC8333C315505B6300832D83 /* Products */ = {
			isa = PBXGroup;
			children = (
				EC8333C215505B6300832D83 /* Map View.app */,
			);
			name = Products;
			sourceTree = "<group>";
		};
		EC8333C515505B6300832D83 /* Frameworks */ = {
			isa = PBXGroup;
			children = (
				EC8333E715505C6F00832D83 /* MapKit.framework */,
				EC8333C615505B6300832D83 /* UIKit.framework */,
				EC8333C815505B6300832D83 /* Foundation.framework */,
				EC8333CA15505B6300832D83 /* CoreGraphics.framework */,
			);
			name = Frameworks;
			sourceTree = "<group>";
		};
		EC8333CC15505B6300832D83 /* Map View */ = {
			isa = PBXGroup;
			children = (
				EC8333D515505B6300832D83 /* AppDelegate.h */,
				EC8333D615505B6300832D83 /* AppDelegate.m */,
				EC8333D815505B6300832D83 /* MainStoryboard.storyboard */,
				EC8333DB15505B6300832D83 /* ViewController.h */,
				EC8333DC15505B6300832D83 /* ViewController.m */,
				EC8333CD15505B6300832D83 /* Supporting Files */,
			);
			path = "Map View";
			sourceTree = "<group>";
		};
		EC8333CD15505B6300832D83 /* Supporting Files */ = {
			isa = PBXGroup;
			children = (
				EC8333CE15505B6300832D83 /* Map View-Info.plist */,
				EC8333CF15505B6300832D83 /* InfoPlist.strings */,
				EC8333D215505B6300832D83 /* main.m */,
				EC8333D415505B6300832D83 /* Map View-Prefix.pch */,
			);
			name = "Supporting Files";
			sourceTree = "<group>";
		};
/* End PBXGroup section */

/* Begin PBXNativeTarget section */
		EC8333C115505B6300832D83 /* Map View */ = {
			isa = PBXNativeTarget;
			buildConfigurationList = EC8333E015505B6300832D83 /* Build configuration list for PBXNativeTarget "Map View" */;
			buildPhases = (
				EC8333BE15505B6300832D83 /* Sources */,
				EC8333BF15505B6300832D83 /* Frameworks */,
				EC8333C015505B6300832D83 /* Resources */,
			);
			buildRules = (
			);
			dependencies = (
			);
			name = "Map View";
			productName = "Map View";
			productReference = EC8333C215505B6300832D83 /* Map View.app */;
			productType = "com.apple.product-type.application";
		};
/* End PBXNativeTarget section */

/* Begin PBXProject section */
		EC8333B915505B6200832D83 /* Project object */ = {
			isa = PBXProject;
			attributes = {
				LastUpgradeCheck = 0430;
			};
			buildConfigurationList = EC8333BC15505B6200832D83 /* Build configuration list for PBXProject "Map View" */;
			compatibilityVersion = "Xcode 3.2";
			developmentRegion = English;
			hasScannedForEncodings = 0;
			knownRegions = (
				en,
			);
			mainGroup = EC8333B715505B6200832D83;
			productRefGroup = EC8333C315505B6300832D83 /* Products */;
			projectDirPath = "";
			projectRoot = "";
			targets = (
				EC8333C115505B6300832D83 /* Map View */,
			);
		};
/* End PBXProject section */

/* Begin PBXResourcesBuildPhase section */
		EC8333C015505B6300832D83 /* Resources */ = {
			isa = PBXResourcesBuildPhase;
			buildActionMask = 2147483647;
			files = (
				EC8333D115505B6300832D83 /* InfoPlist.strings in Resources */,
				EC8333DA15505B6300832D83 /* MainStoryboard.storyboard in Resources */,
			);
			runOnlyForDeploymentPostprocessing = 0;
		};
/* End PBXResourcesBuildPhase section */

/* Begin PBXSourcesBuildPhase section */
		EC8333BE15505B6300832D83 /* Sources */ = {
			isa = PBXSourcesBuildPhase;
			buildActionMask = 2147483647;
			files = (
				EC8333D315505B6300832D83 /* main.m in Sources */,
				EC8333D715505B6300832D83 /* AppDelegate.m in Sources */,
				EC8333DD15505B6300832D83 /* ViewController.m in Sources */,
			);
			runOnlyForDeploymentPostprocessing = 0;
		};
/* End PBXSourcesBuildPhase section */

/* Begin PBXVariantGroup section */
		EC8333CF15505B6300832D83 /* InfoPlist.strings */ = {
			isa = PBXVariantGroup;
			children = (
				EC8333D015505B6300832D83 /* en */,
			);
			name = InfoPlist.strings;
			sourceTree = "<group>";
		};
		EC8333D815505B6300832D83 /* MainStoryboard.storyboard */ = {
			isa = PBXVariantGroup;
			children = (
				EC8333D915505B6300832D83 /* en */,
			);
			name = MainStoryboard.storyboard;
			sourceTree = "<group>";
		};
/* End PBXVariantGroup section */

/* Begin XCBuildConfiguration section */
		EC8333DE15505B6300832D83 /* Debug */ = {
			isa = XCBuildConfiguration;
			buildSettings = {
				ALWAYS_SEARCH_USER_PATHS = NO;
				ARCHS = "$(ARCHS_STANDARD_32_BIT)";
				CLANG_ENABLE_OBJC_ARC = YES;
				"CODE_SIGN_IDENTITY[sdk=iphoneos*]" = "iPhone Developer";
				COPY_PHASE_STRIP = NO;
				GCC_C_LANGUAGE_STANDARD = gnu99;
				GCC_DYNAMIC_NO_PIC = NO;
				GCC_OPTIMIZATION_LEVEL = 0;
				GCC_PREPROCESSOR_DEFINITIONS = (
					"DEBUG=1",
					"$(inherited)",
				);
				GCC_SYMBOLS_PRIVATE_EXTERN = NO;
				GCC_VERSION = com.apple.compilers.llvm.clang.1_0;
				GCC_WARN_ABOUT_RETURN_TYPE = YES;
				GCC_WARN_UNINITIALIZED_AUTOS = YES;
				GCC_WARN_UNUSED_VARIABLE = YES;
				IPHONEOS_DEPLOYMENT_TARGET = 5.1;
				SDKROOT = iphoneos;
			};
			name = Debug;
		};
		EC8333DF15505B6300832D83 /* Release */ = {
			isa = XCBuildConfiguration;
			buildSettings = {
				ALWAYS_SEARCH_USER_PATHS = NO;
				ARCHS = "$(ARCHS_STANDARD_32_BIT)";
				CLANG_ENABLE_OBJC_ARC = YES;
				"CODE_SIGN_IDENTITY[sdk=iphoneos*]" = "iPhone Developer";
				COPY_PHASE_STRIP = YES;
				GCC_C_LANGUAGE_STANDARD = gnu99;
				GCC_VERSION = com.apple.compilers.llvm.clang.1_0;
				GCC_WARN_ABOUT_RETURN_TYPE = YES;
				GCC_WARN_UNINITIALIZED_AUTOS = YES;
				GCC_WARN_UNUSED_VARIABLE = YES;
				IPHONEOS_DEPLOYMENT_TARGET = 5.1;
				OTHER_CFLAGS = "-DNS_BLOCK_ASSERTIONS=1";
				SDKROOT = iphoneos;
				VALIDATE_PRODUCT = YES;
			};
			name = Release;
		};
		EC8333E115505B6300832D83 /* Debug */ = {
			isa = XCBuildConfiguration;
			buildSettings = {
				GCC_PRECOMPILE_PREFIX_HEADER = YES;
				GCC_PREFIX_HEADER = "Map View/Map View-Prefix.pch";
				INFOPLIST_FILE = "Map View/Map View-Info.plist";
				PRODUCT_NAME = "$(TARGET_NAME)";
				WRAPPER_EXTENSION = app;
			};
			name = Debug;
		};
		EC8333E215505B6300832D83 /* Release */ = {
			isa = XCBuildConfiguration;
			buildSettings = {
				GCC_PRECOMPILE_PREFIX_HEADER = YES;
				GCC_PREFIX_HEADER = "Map View/Map View-Prefix.pch";
				INFOPLIST_FILE = "Map View/Map View-Info.plist";
				PRODUCT_NAME = "$(TARGET_NAME)";
				WRAPPER_EXTENSION = app;
			};
			name = Release;
		};
/* End XCBuildConfiguration section */

/* Begin XCConfigurationList section */
		EC8333BC15505B6200832D83 /* Build configuration list for PBXProject "Map View" */ = {
			isa = XCConfigurationList;
			buildConfigurations = (
				EC8333DE15505B6300832D83 /* Debug */,
				EC8333DF15505B6300832D83 /* Release */,
			);
			defaultConfigurationIsVisible = 0;
			defaultConfigurationName = Release;
		};
		EC8333E015505B6300832D83 /* Build configuration list for PBXNativeTarget "Map View" */ = {
			isa = XCConfigurationList;
			buildConfigurations = (
				EC8333E115505B6300832D83 /* Debug */,
				EC8333E215505B6300832D83 /* Release */,
			);
			defaultConfigurationIsVisible = 0;
			defaultConfigurationName = Release;
		};
/* End XCConfigurationList section */
	};
	rootObject = EC8333B915505B6200832D83 /* Project object */;
}
