// !$*UTF8*$!
{
	archiveVersion = 1;
	classes = {
	};
	objectVersion = 46;
	objects = {

/* Begin PBXBuildFile section */
		EC5E1CC9154F13C1006037D3 /* UIKit.framework in Frameworks */ = {isa = PBXBuildFile; fileRef = EC5E1CC8154F13C1006037D3 /* UIKit.framework */; };
		EC5E1CCB154F13C1006037D3 /* Foundation.framework in Frameworks */ = {isa = PBXBuildFile; fileRef = EC5E1CCA154F13C1006037D3 /* Foundation.framework */; };
		EC5E1CCD154F13C1006037D3 /* CoreGraphics.framework in Frameworks */ = {isa = PBXBuildFile; fileRef = EC5E1CCC154F13C1006037D3 /* CoreGraphics.framework */; };
		EC5E1CD3154F13C1006037D3 /* InfoPlist.strings in Resources */ = {isa = PBXBuildFile; fileRef = EC5E1CD1154F13C1006037D3 /* InfoPlist.strings */; };
		EC5E1CD5154F13C1006037D3 /* main.m in Sources */ = {isa = PBXBuildFile; fileRef = EC5E1CD4154F13C1006037D3 /* main.m */; };
		EC5E1CD9154F13C1006037D3 /* AppDelegate.m in Sources */ = {isa = PBXBuildFile; fileRef = EC5E1CD8154F13C1006037D3 /* AppDelegate.m */; };
		EC5E1CDC154F13C1006037D3 /* MainStoryboard.storyboard in Resources */ = {isa = PBXBuildFile; fileRef = EC5E1CDA154F13C1006037D3 /* MainStoryboard.storyboard */; };
		EC5E1CDF154F13C1006037D3 /* ViewController.m in Sources */ = {isa = PBXBuildFile; fileRef = EC5E1CDE154F13C1006037D3 /* ViewController.m */; };
/* End PBXBuildFile section */

/* Begin PBXFileReference section */
		EC5E1CC4154F13C1006037D3 /* Segmented Controller.app */ = {isa = PBXFileReference; explicitFileType = wrapper.application; includeInIndex = 0; path = "Segmented Controller.app"; sourceTree = BUILT_PRODUCTS_DIR; };
		EC5E1CC8154F13C1006037D3 /* UIKit.framework */ = {isa = PBXFileReference; lastKnownFileType = wrapper.framework; name = UIKit.framework; path = System/Library/Frameworks/UIKit.framework; sourceTree = SDKROOT; };
		EC5E1CCA154F13C1006037D3 /* Foundation.framework */ = {isa = PBXFileReference; lastKnownFileType = wrapper.framework; name = Foundation.framework; path = System/Library/Frameworks/Foundation.framework; sourceTree = SDKROOT; };
		EC5E1CCC154F13C1006037D3 /* CoreGraphics.framework */ = {isa = PBXFileReference; lastKnownFileType = wrapper.framework; name = CoreGraphics.framework; path = System/Library/Frameworks/CoreGraphics.framework; sourceTree = SDKROOT; };
		EC5E1CD0154F13C1006037D3 /* Segmented Controller-Info.plist */ = {isa = PBXFileReference; lastKnownFileType = text.plist.xml; path = "Segmented Controller-Info.plist"; sourceTree = "<group>"; };
		EC5E1CD2154F13C1006037D3 /* en */ = {isa = PBXFileReference; lastKnownFileType = text.plist.strings; name = en; path = en.lproj/InfoPlist.strings; sourceTree = "<group>"; };
		EC5E1CD4154F13C1006037D3 /* main.m */ = {isa = PBXFileReference; lastKnownFileType = sourcecode.c.objc; path = main.m; sourceTree = "<group>"; };
		EC5E1CD6154F13C1006037D3 /* Segmented Controller-Prefix.pch */ = {isa = PBXFileReference; lastKnownFileType = sourcecode.c.h; path = "Segmented Controller-Prefix.pch"; sourceTree = "<group>"; };
		EC5E1CD7154F13C1006037D3 /* AppDelegate.h */ = {isa = PBXFileReference; lastKnownFileType = sourcecode.c.h; path = AppDelegate.h; sourceTree = "<group>"; };
		EC5E1CD8154F13C1006037D3 /* AppDelegate.m */ = {isa = PBXFileReference; lastKnownFileType = sourcecode.c.objc; path = AppDelegate.m; sourceTree = "<group>"; };
		EC5E1CDB154F13C1006037D3 /* en */ = {isa = PBXFileReference; lastKnownFileType = file.storyboard; name = en; path = en.lproj/MainStoryboard.storyboard; sourceTree = "<group>"; };
		EC5E1CDD154F13C1006037D3 /* ViewController.h */ = {isa = PBXFileReference; lastKnownFileType = sourcecode.c.h; path = ViewController.h; sourceTree = "<group>"; };
		EC5E1CDE154F13C1006037D3 /* ViewController.m */ = {isa = PBXFileReference; lastKnownFileType = sourcecode.c.objc; path = ViewController.m; sourceTree = "<group>"; };
/* End PBXFileReference section */

/* Begin PBXFrameworksBuildPhase section */
		EC5E1CC1154F13C1006037D3 /* Frameworks */ = {
			isa = PBXFrameworksBuildPhase;
			buildActionMask = 2147483647;
			files = (
				EC5E1CC9154F13C1006037D3 /* UIKit.framework in Frameworks */,
				EC5E1CCB154F13C1006037D3 /* Foundation.framework in Frameworks */,
				EC5E1CCD154F13C1006037D3 /* CoreGraphics.framework in Frameworks */,
			);
			runOnlyForDeploymentPostprocessing = 0;
		};
/* End PBXFrameworksBuildPhase section */

/* Begin PBXGroup section */
		EC5E1CB9154F13C0006037D3 = {
			isa = PBXGroup;
			children = (
				EC5E1CCE154F13C1006037D3 /* Segmented Controller */,
				EC5E1CC7154F13C1006037D3 /* Frameworks */,
				EC5E1CC5154F13C1006037D3 /* Products */,
			);
			sourceTree = "<group>";
		};
		EC5E1CC5154F13C1006037D3 /* Products */ = {
			isa = PBXGroup;
			children = (
				EC5E1CC4154F13C1006037D3 /* Segmented Controller.app */,
			);
			name = Products;
			sourceTree = "<group>";
		};
		EC5E1CC7154F13C1006037D3 /* Frameworks */ = {
			isa = PBXGroup;
			children = (
				EC5E1CC8154F13C1006037D3 /* UIKit.framework */,
				EC5E1CCA154F13C1006037D3 /* Foundation.framework */,
				EC5E1CCC154F13C1006037D3 /* CoreGraphics.framework */,
			);
			name = Frameworks;
			sourceTree = "<group>";
		};
		EC5E1CCE154F13C1006037D3 /* Segmented Controller */ = {
			isa = PBXGroup;
			children = (
				EC5E1CD7154F13C1006037D3 /* AppDelegate.h */,
				EC5E1CD8154F13C1006037D3 /* AppDelegate.m */,
				EC5E1CDA154F13C1006037D3 /* MainStoryboard.storyboard */,
				EC5E1CDD154F13C1006037D3 /* ViewController.h */,
				EC5E1CDE154F13C1006037D3 /* ViewController.m */,
				EC5E1CCF154F13C1006037D3 /* Supporting Files */,
			);
			path = "Segmented Controller";
			sourceTree = "<group>";
		};
		EC5E1CCF154F13C1006037D3 /* Supporting Files */ = {
			isa = PBXGroup;
			children = (
				EC5E1CD0154F13C1006037D3 /* Segmented Controller-Info.plist */,
				EC5E1CD1154F13C1006037D3 /* InfoPlist.strings */,
				EC5E1CD4154F13C1006037D3 /* main.m */,
				EC5E1CD6154F13C1006037D3 /* Segmented Controller-Prefix.pch */,
			);
			name = "Supporting Files";
			sourceTree = "<group>";
		};
/* End PBXGroup section */

/* Begin PBXNativeTarget section */
		EC5E1CC3154F13C1006037D3 /* Segmented Controller */ = {
			isa = PBXNativeTarget;
			buildConfigurationList = EC5E1CE2154F13C1006037D3 /* Build configuration list for PBXNativeTarget "Segmented Controller" */;
			buildPhases = (
				EC5E1CC0154F13C1006037D3 /* Sources */,
				EC5E1CC1154F13C1006037D3 /* Frameworks */,
				EC5E1CC2154F13C1006037D3 /* Resources */,
			);
			buildRules = (
			);
			dependencies = (
			);
			name = "Segmented Controller";
			productName = "Segmented Controller";
			productReference = EC5E1CC4154F13C1006037D3 /* Segmented Controller.app */;
			productType = "com.apple.product-type.application";
		};
/* End PBXNativeTarget section */

/* Begin PBXProject section */
		EC5E1CBB154F13C0006037D3 /* Project object */ = {
			isa = PBXProject;
			attributes = {
				LastUpgradeCheck = 0430;
			};
			buildConfigurationList = EC5E1CBE154F13C0006037D3 /* Build configuration list for PBXProject "Segmented Controller" */;
			compatibilityVersion = "Xcode 3.2";
			developmentRegion = English;
			hasScannedForEncodings = 0;
			knownRegions = (
				en,
			);
			mainGroup = EC5E1CB9154F13C0006037D3;
			productRefGroup = EC5E1CC5154F13C1006037D3 /* Products */;
			projectDirPath = "";
			projectRoot = "";
			targets = (
				EC5E1CC3154F13C1006037D3 /* Segmented Controller */,
			);
		};
/* End PBXProject section */

/* Begin PBXResourcesBuildPhase section */
		EC5E1CC2154F13C1006037D3 /* Resources */ = {
			isa = PBXResourcesBuildPhase;
			buildActionMask = 2147483647;
			files = (
				EC5E1CD3154F13C1006037D3 /* InfoPlist.strings in Resources */,
				EC5E1CDC154F13C1006037D3 /* MainStoryboard.storyboard in Resources */,
			);
			runOnlyForDeploymentPostprocessing = 0;
		};
/* End PBXResourcesBuildPhase section */

/* Begin PBXSourcesBuildPhase section */
		EC5E1CC0154F13C1006037D3 /* Sources */ = {
			isa = PBXSourcesBuildPhase;
			buildActionMask = 2147483647;
			files = (
				EC5E1CD5154F13C1006037D3 /* main.m in Sources */,
				EC5E1CD9154F13C1006037D3 /* AppDelegate.m in Sources */,
				EC5E1CDF154F13C1006037D3 /* ViewController.m in Sources */,
			);
			runOnlyForDeploymentPostprocessing = 0;
		};
/* End PBXSourcesBuildPhase section */

/* Begin PBXVariantGroup section */
		EC5E1CD1154F13C1006037D3 /* InfoPlist.strings */ = {
			isa = PBXVariantGroup;
			children = (
				EC5E1CD2154F13C1006037D3 /* en */,
			);
			name = InfoPlist.strings;
			sourceTree = "<group>";
		};
		EC5E1CDA154F13C1006037D3 /* MainStoryboard.storyboard */ = {
			isa = PBXVariantGroup;
			children = (
				EC5E1CDB154F13C1006037D3 /* en */,
			);
			name = MainStoryboard.storyboard;
			sourceTree = "<group>";
		};
/* End PBXVariantGroup section */

/* Begin XCBuildConfiguration section */
		EC5E1CE0154F13C1006037D3 /* Debug */ = {
			isa = XCBuildConfiguration;
			buildSettings = {
				ALWAYS_SEARCH_USER_PATHS = NO;
				ARCHS = "$(ARCHS_STANDARD_32_BIT)";
				CLANG_ENABLE_OBJC_ARC = YES;
				"CODE_SIGN_IDENTITY[sdk=iphoneos*]" = "iPhone Developer";
				COPY_PHASE_STRIP = NO;
				GCC_C_LANGUAGE_STANDARD = gnu99;
				GCC_DYNAMIC_NO_PIC = NO;
				GCC_OPTIMIZATION_LEVEL = 0;
				GCC_PREPROCESSOR_DEFINITIONS = (
					"DEBUG=1",
					"$(inherited)",
				);
				GCC_SYMBOLS_PRIVATE_EXTERN = NO;
				GCC_VERSION = com.apple.compilers.llvm.clang.1_0;
				GCC_WARN_ABOUT_RETURN_TYPE = YES;
				GCC_WARN_UNINITIALIZED_AUTOS = YES;
				GCC_WARN_UNUSED_VARIABLE = YES;
				IPHONEOS_DEPLOYMENT_TARGET = 5.1;
				SDKROOT = iphoneos;
			};
			name = Debug;
		};
		EC5E1CE1154F13C1006037D3 /* Release */ = {
			isa = XCBuildConfiguration;
			buildSettings = {
				ALWAYS_SEARCH_USER_PATHS = NO;
				ARCHS = "$(ARCHS_STANDARD_32_BIT)";
				CLANG_ENABLE_OBJC_ARC = YES;
				"CODE_SIGN_IDENTITY[sdk=iphoneos*]" = "iPhone Developer";
				COPY_PHASE_STRIP = YES;
				GCC_C_LANGUAGE_STANDARD = gnu99;
				GCC_VERSION = com.apple.compilers.llvm.clang.1_0;
				GCC_WARN_ABOUT_RETURN_TYPE = YES;
				GCC_WARN_UNINITIALIZED_AUTOS = YES;
				GCC_WARN_UNUSED_VARIABLE = YES;
				IPHONEOS_DEPLOYMENT_TARGET = 5.1;
				OTHER_CFLAGS = "-DNS_BLOCK_ASSERTIONS=1";
				SDKROOT = iphoneos;
				VALIDATE_PRODUCT = YES;
			};
			name = Release;
		};
		EC5E1CE3154F13C1006037D3 /* Debug */ = {
			isa = XCBuildConfiguration;
			buildSettings = {
				GCC_PRECOMPILE_PREFIX_HEADER = YES;
				GCC_PREFIX_HEADER = "Segmented Controller/Segmented Controller-Prefix.pch";
				INFOPLIST_FILE = "Segmented Controller/Segmented Controller-Info.plist";
				PRODUCT_NAME = "$(TARGET_NAME)";
				WRAPPER_EXTENSION = app;
			};
			name = Debug;
		};
		EC5E1CE4154F13C1006037D3 /* Release */ = {
			isa = XCBuildConfiguration;
			buildSettings = {
				GCC_PRECOMPILE_PREFIX_HEADER = YES;
				GCC_PREFIX_HEADER = "Segmented Controller/Segmented Controller-Prefix.pch";
				INFOPLIST_FILE = "Segmented Controller/Segmented Controller-Info.plist";
				PRODUCT_NAME = "$(TARGET_NAME)";
				WRAPPER_EXTENSION = app;
			};
			name = Release;
		};
/* End XCBuildConfiguration section */

/* Begin XCConfigurationList section */
		EC5E1CBE154F13C0006037D3 /* Build configuration list for PBXProject "Segmented Controller" */ = {
			isa = XCConfigurationList;
			buildConfigurations = (
				EC5E1CE0154F13C1006037D3 /* Debug */,
				EC5E1CE1154F13C1006037D3 /* Release */,
			);
			defaultConfigurationIsVisible = 0;
			defaultConfigurationName = Release;
		};
		EC5E1CE2154F13C1006037D3 /* Build configuration list for PBXNativeTarget "Segmented Controller" */ = {
			isa = XCConfigurationList;
			buildConfigurations = (
				EC5E1CE3154F13C1006037D3 /* Debug */,
				EC5E1CE4154F13C1006037D3 /* Release */,
			);
			defaultConfigurationIsVisible = 0;
		};
/* End XCConfigurationList section */
	};
	rootObject = EC5E1CBB154F13C0006037D3 /* Project object */;
}
