// !$*UTF8*$!
{
	archiveVersion = 1;
	classes = {
	};
	objectVersion = 46;
	objects = {

/* Begin PBXBuildFile section */
		EC14B8591543D2CB0065A417 /* a2.jpg in Resources */ = {isa = PBXBuildFile; fileRef = EC14B8531543D2CB0065A417 /* a2.jpg */; };
		EC14B85A1543D2CB0065A417 /* a4.jpg in Resources */ = {isa = PBXBuildFile; fileRef = EC14B8541543D2CB0065A417 /* a4.jpg */; };
		EC14B85B1543D2CB0065A417 /* a3.jpg in Resources */ = {isa = PBXBuildFile; fileRef = EC14B8551543D2CB0065A417 /* a3.jpg */; };
		EC14B85C1543D2CB0065A417 /* a5.jpg in Resources */ = {isa = PBXBuildFile; fileRef = EC14B8561543D2CB0065A417 /* a5.jpg */; };
		EC3148B41543CAD800370FEA /* UIKit.framework in Frameworks */ = {isa = PBXBuildFile; fileRef = EC3148B31543CAD800370FEA /* UIKit.framework */; };
		EC3148B61543CAD800370FEA /* Foundation.framework in Frameworks */ = {isa = PBXBuildFile; fileRef = EC3148B51543CAD800370FEA /* Foundation.framework */; };
		EC3148B81543CAD800370FEA /* CoreGraphics.framework in Frameworks */ = {isa = PBXBuildFile; fileRef = EC3148B71543CAD800370FEA /* CoreGraphics.framework */; };
		EC3148BE1543CAD800370FEA /* InfoPlist.strings in Resources */ = {isa = PBXBuildFile; fileRef = EC3148BC1543CAD800370FEA /* InfoPlist.strings */; };
		EC3148C01543CAD800370FEA /* main.m in Sources */ = {isa = PBXBuildFile; fileRef = EC3148BF1543CAD800370FEA /* main.m */; };
		EC3148C41543CAD900370FEA /* AppDelegate.m in Sources */ = {isa = PBXBuildFile; fileRef = EC3148C31543CAD900370FEA /* AppDelegate.m */; };
		EC3148C71543CAD900370FEA /* MainStoryboard.storyboard in Resources */ = {isa = PBXBuildFile; fileRef = EC3148C51543CAD900370FEA /* MainStoryboard.storyboard */; };
		EC3148CA1543CAD900370FEA /* ViewController.m in Sources */ = {isa = PBXBuildFile; fileRef = EC3148C91543CAD900370FEA /* ViewController.m */; };
/* End PBXBuildFile section */

/* Begin PBXFileReference section */
		EC14B8531543D2CB0065A417 /* a2.jpg */ = {isa = PBXFileReference; lastKnownFileType = image.jpeg; path = a2.jpg; sourceTree = "<group>"; };
		EC14B8541543D2CB0065A417 /* a4.jpg */ = {isa = PBXFileReference; lastKnownFileType = image.jpeg; path = a4.jpg; sourceTree = "<group>"; };
		EC14B8551543D2CB0065A417 /* a3.jpg */ = {isa = PBXFileReference; lastKnownFileType = image.jpeg; path = a3.jpg; sourceTree = "<group>"; };
		EC14B8561543D2CB0065A417 /* a5.jpg */ = {isa = PBXFileReference; lastKnownFileType = image.jpeg; path = a5.jpg; sourceTree = "<group>"; };
		EC3148AF1543CAD800370FEA /* Image Swiping.app */ = {isa = PBXFileReference; explicitFileType = wrapper.application; includeInIndex = 0; path = "Image Swiping.app"; sourceTree = BUILT_PRODUCTS_DIR; };
		EC3148B31543CAD800370FEA /* UIKit.framework */ = {isa = PBXFileReference; lastKnownFileType = wrapper.framework; name = UIKit.framework; path = System/Library/Frameworks/UIKit.framework; sourceTree = SDKROOT; };
		EC3148B51543CAD800370FEA /* Foundation.framework */ = {isa = PBXFileReference; lastKnownFileType = wrapper.framework; name = Foundation.framework; path = System/Library/Frameworks/Foundation.framework; sourceTree = SDKROOT; };
		EC3148B71543CAD800370FEA /* CoreGraphics.framework */ = {isa = PBXFileReference; lastKnownFileType = wrapper.framework; name = CoreGraphics.framework; path = System/Library/Frameworks/CoreGraphics.framework; sourceTree = SDKROOT; };
		EC3148BB1543CAD800370FEA /* Image Swiping-Info.plist */ = {isa = PBXFileReference; lastKnownFileType = text.plist.xml; path = "Image Swiping-Info.plist"; sourceTree = "<group>"; };
		EC3148BD1543CAD800370FEA /* en */ = {isa = PBXFileReference; lastKnownFileType = text.plist.strings; name = en; path = en.lproj/InfoPlist.strings; sourceTree = "<group>"; };
		EC3148BF1543CAD800370FEA /* main.m */ = {isa = PBXFileReference; lastKnownFileType = sourcecode.c.objc; path = main.m; sourceTree = "<group>"; };
		EC3148C11543CAD800370FEA /* Image Swiping-Prefix.pch */ = {isa = PBXFileReference; lastKnownFileType = sourcecode.c.h; path = "Image Swiping-Prefix.pch"; sourceTree = "<group>"; };
		EC3148C21543CAD800370FEA /* AppDelegate.h */ = {isa = PBXFileReference; lastKnownFileType = sourcecode.c.h; path = AppDelegate.h; sourceTree = "<group>"; };
		EC3148C31543CAD900370FEA /* AppDelegate.m */ = {isa = PBXFileReference; lastKnownFileType = sourcecode.c.objc; path = AppDelegate.m; sourceTree = "<group>"; };
		EC3148C61543CAD900370FEA /* en */ = {isa = PBXFileReference; lastKnownFileType = file.storyboard; name = en; path = en.lproj/MainStoryboard.storyboard; sourceTree = "<group>"; };
		EC3148C81543CAD900370FEA /* ViewController.h */ = {isa = PBXFileReference; lastKnownFileType = sourcecode.c.h; path = ViewController.h; sourceTree = "<group>"; };
		EC3148C91543CAD900370FEA /* ViewController.m */ = {isa = PBXFileReference; lastKnownFileType = sourcecode.c.objc; path = ViewController.m; sourceTree = "<group>"; };
/* End PBXFileReference section */

/* Begin PBXFrameworksBuildPhase section */
		EC3148AC1543CAD800370FEA /* Frameworks */ = {
			isa = PBXFrameworksBuildPhase;
			buildActionMask = 2147483647;
			files = (
				EC3148B41543CAD800370FEA /* UIKit.framework in Frameworks */,
				EC3148B61543CAD800370FEA /* Foundation.framework in Frameworks */,
				EC3148B81543CAD800370FEA /* CoreGraphics.framework in Frameworks */,
			);
			runOnlyForDeploymentPostprocessing = 0;
		};
/* End PBXFrameworksBuildPhase section */

/* Begin PBXGroup section */
		EC3148A41543CAD800370FEA = {
			isa = PBXGroup;
			children = (
				EC3148B91543CAD800370FEA /* Image Swiping */,
				EC3148B21543CAD800370FEA /* Frameworks */,
				EC3148B01543CAD800370FEA /* Products */,
			);
			sourceTree = "<group>";
		};
		EC3148B01543CAD800370FEA /* Products */ = {
			isa = PBXGroup;
			children = (
				EC3148AF1543CAD800370FEA /* Image Swiping.app */,
			);
			name = Products;
			sourceTree = "<group>";
		};
		EC3148B21543CAD800370FEA /* Frameworks */ = {
			isa = PBXGroup;
			children = (
				EC3148B31543CAD800370FEA /* UIKit.framework */,
				EC3148B51543CAD800370FEA /* Foundation.framework */,
				EC3148B71543CAD800370FEA /* CoreGraphics.framework */,
			);
			name = Frameworks;
			sourceTree = "<group>";
		};
		EC3148B91543CAD800370FEA /* Image Swiping */ = {
			isa = PBXGroup;
			children = (
				EC14B8531543D2CB0065A417 /* a2.jpg */,
				EC14B8541543D2CB0065A417 /* a4.jpg */,
				EC14B8551543D2CB0065A417 /* a3.jpg */,
				EC14B8561543D2CB0065A417 /* a5.jpg */,
				EC3148C21543CAD800370FEA /* AppDelegate.h */,
				EC3148C31543CAD900370FEA /* AppDelegate.m */,
				EC3148C51543CAD900370FEA /* MainStoryboard.storyboard */,
				EC3148C81543CAD900370FEA /* ViewController.h */,
				EC3148C91543CAD900370FEA /* ViewController.m */,
				EC3148BA1543CAD800370FEA /* Supporting Files */,
			);
			path = "Image Swiping";
			sourceTree = "<group>";
		};
		EC3148BA1543CAD800370FEA /* Supporting Files */ = {
			isa = PBXGroup;
			children = (
				EC3148BB1543CAD800370FEA /* Image Swiping-Info.plist */,
				EC3148BC1543CAD800370FEA /* InfoPlist.strings */,
				EC3148BF1543CAD800370FEA /* main.m */,
				EC3148C11543CAD800370FEA /* Image Swiping-Prefix.pch */,
			);
			name = "Supporting Files";
			sourceTree = "<group>";
		};
/* End PBXGroup section */

/* Begin PBXNativeTarget section */
		EC3148AE1543CAD800370FEA /* Image Swiping */ = {
			isa = PBXNativeTarget;
			buildConfigurationList = EC3148CD1543CAD900370FEA /* Build configuration list for PBXNativeTarget "Image Swiping" */;
			buildPhases = (
				EC3148AB1543CAD800370FEA /* Sources */,
				EC3148AC1543CAD800370FEA /* Frameworks */,
				EC3148AD1543CAD800370FEA /* Resources */,
			);
			buildRules = (
			);
			dependencies = (
			);
			name = "Image Swiping";
			productName = "Image Swiping";
			productReference = EC3148AF1543CAD800370FEA /* Image Swiping.app */;
			productType = "com.apple.product-type.application";
		};
/* End PBXNativeTarget section */

/* Begin PBXProject section */
		EC3148A61543CAD800370FEA /* Project object */ = {
			isa = PBXProject;
			attributes = {
				LastUpgradeCheck = 0430;
			};
			buildConfigurationList = EC3148A91543CAD800370FEA /* Build configuration list for PBXProject "Image Swiping" */;
			compatibilityVersion = "Xcode 3.2";
			developmentRegion = English;
			hasScannedForEncodings = 0;
			knownRegions = (
				en,
			);
			mainGroup = EC3148A41543CAD800370FEA;
			productRefGroup = EC3148B01543CAD800370FEA /* Products */;
			projectDirPath = "";
			projectRoot = "";
			targets = (
				EC3148AE1543CAD800370FEA /* Image Swiping */,
			);
		};
/* End PBXProject section */

/* Begin PBXResourcesBuildPhase section */
		EC3148AD1543CAD800370FEA /* Resources */ = {
			isa = PBXResourcesBuildPhase;
			buildActionMask = 2147483647;
			files = (
				EC3148BE1543CAD800370FEA /* InfoPlist.strings in Resources */,
				EC3148C71543CAD900370FEA /* MainStoryboard.storyboard in Resources */,
				EC14B8591543D2CB0065A417 /* a2.jpg in Resources */,
				EC14B85A1543D2CB0065A417 /* a4.jpg in Resources */,
				EC14B85B1543D2CB0065A417 /* a3.jpg in Resources */,
				EC14B85C1543D2CB0065A417 /* a5.jpg in Resources */,
			);
			runOnlyForDeploymentPostprocessing = 0;
		};
/* End PBXResourcesBuildPhase section */

/* Begin PBXSourcesBuildPhase section */
		EC3148AB1543CAD800370FEA /* Sources */ = {
			isa = PBXSourcesBuildPhase;
			buildActionMask = 2147483647;
			files = (
				EC3148C01543CAD800370FEA /* main.m in Sources */,
				EC3148C41543CAD900370FEA /* AppDelegate.m in Sources */,
				EC3148CA1543CAD900370FEA /* ViewController.m in Sources */,
			);
			runOnlyForDeploymentPostprocessing = 0;
		};
/* End PBXSourcesBuildPhase section */

/* Begin PBXVariantGroup section */
		EC3148BC1543CAD800370FEA /* InfoPlist.strings */ = {
			isa = PBXVariantGroup;
			children = (
				EC3148BD1543CAD800370FEA /* en */,
			);
			name = InfoPlist.strings;
			sourceTree = "<group>";
		};
		EC3148C51543CAD900370FEA /* MainStoryboard.storyboard */ = {
			isa = PBXVariantGroup;
			children = (
				EC3148C61543CAD900370FEA /* en */,
			);
			name = MainStoryboard.storyboard;
			sourceTree = "<group>";
		};
/* End PBXVariantGroup section */

/* Begin XCBuildConfiguration section */
		EC3148CB1543CAD900370FEA /* Debug */ = {
			isa = XCBuildConfiguration;
			buildSettings = {
				ALWAYS_SEARCH_USER_PATHS = NO;
				ARCHS = "$(ARCHS_STANDARD_32_BIT)";
				CLANG_ENABLE_OBJC_ARC = YES;
				"CODE_SIGN_IDENTITY[sdk=iphoneos*]" = "iPhone Developer";
				COPY_PHASE_STRIP = NO;
				GCC_C_LANGUAGE_STANDARD = gnu99;
				GCC_DYNAMIC_NO_PIC = NO;
				GCC_OPTIMIZATION_LEVEL = 0;
				GCC_PREPROCESSOR_DEFINITIONS = (
					"DEBUG=1",
					"$(inherited)",
				);
				GCC_SYMBOLS_PRIVATE_EXTERN = NO;
				GCC_VERSION = com.apple.compilers.llvm.clang.1_0;
				GCC_WARN_ABOUT_RETURN_TYPE = YES;
				GCC_WARN_UNINITIALIZED_AUTOS = YES;
				GCC_WARN_UNUSED_VARIABLE = YES;
				IPHONEOS_DEPLOYMENT_TARGET = 5.1;
				SDKROOT = iphoneos;
			};
			name = Debug;
		};
		EC3148CC1543CAD900370FEA /* Release */ = {
			isa = XCBuildConfiguration;
			buildSettings = {
				ALWAYS_SEARCH_USER_PATHS = NO;
				ARCHS = "$(ARCHS_STANDARD_32_BIT)";
				CLANG_ENABLE_OBJC_ARC = YES;
				"CODE_SIGN_IDENTITY[sdk=iphoneos*]" = "iPhone Developer";
				COPY_PHASE_STRIP = YES;
				GCC_C_LANGUAGE_STANDARD = gnu99;
				GCC_VERSION = com.apple.compilers.llvm.clang.1_0;
				GCC_WARN_ABOUT_RETURN_TYPE = YES;
				GCC_WARN_UNINITIALIZED_AUTOS = YES;
				GCC_WARN_UNUSED_VARIABLE = YES;
				IPHONEOS_DEPLOYMENT_TARGET = 5.1;
				OTHER_CFLAGS = "-DNS_BLOCK_ASSERTIONS=1";
				SDKROOT = iphoneos;
				VALIDATE_PRODUCT = YES;
			};
			name = Release;
		};
		EC3148CE1543CAD900370FEA /* Debug */ = {
			isa = XCBuildConfiguration;
			buildSettings = {
				GCC_PRECOMPILE_PREFIX_HEADER = YES;
				GCC_PREFIX_HEADER = "Image Swiping/Image Swiping-Prefix.pch";
				INFOPLIST_FILE = "Image Swiping/Image Swiping-Info.plist";
				PRODUCT_NAME = "$(TARGET_NAME)";
				WRAPPER_EXTENSION = app;
			};
			name = Debug;
		};
		EC3148CF1543CAD900370FEA /* Release */ = {
			isa = XCBuildConfiguration;
			buildSettings = {
				GCC_PRECOMPILE_PREFIX_HEADER = YES;
				GCC_PREFIX_HEADER = "Image Swiping/Image Swiping-Prefix.pch";
				INFOPLIST_FILE = "Image Swiping/Image Swiping-Info.plist";
				PRODUCT_NAME = "$(TARGET_NAME)";
				WRAPPER_EXTENSION = app;
			};
			name = Release;
		};
/* End XCBuildConfiguration section */

/* Begin XCConfigurationList section */
		EC3148A91543CAD800370FEA /* Build configuration list for PBXProject "Image Swiping" */ = {
			isa = XCConfigurationList;
			buildConfigurations = (
				EC3148CB1543CAD900370FEA /* Debug */,
				EC3148CC1543CAD900370FEA /* Release */,
			);
			defaultConfigurationIsVisible = 0;
			defaultConfigurationName = Release;
		};
		EC3148CD1543CAD900370FEA /* Build configuration list for PBXNativeTarget "Image Swiping" */ = {
			isa = XCConfigurationList;
			buildConfigurations = (
				EC3148CE1543CAD900370FEA /* Debug */,
				EC3148CF1543CAD900370FEA /* Release */,
			);
			defaultConfigurationIsVisible = 0;
			defaultConfigurationName = Release;
		};
/* End XCConfigurationList section */
	};
	rootObject = EC3148A61543CAD800370FEA /* Project object */;
}
